
Microsoft Visual Studio Solution File, Format Version 12.00
# Visual Studio Version 17
VisualStudioVersion = 17.14.36511.14
MinimumVisualStudioVersion = 10.0.40219.1
Project("{2150E333-8FDC-42A3-9474-1A3956D46DE8}") = "Task0", "Task0", "{36D591C7-65C7-A0D1-1CBC-10CDE441BDC8}"
EndProject
Project("{FAE04EC0-301F-11D3-BF4B-00C04F79EFBC}") = "Tyuiu.GaninAS.Sprint1.Task0.V12.Lib", "Tyuiu.GaninAS.Sprint1.Task0.V12.Lib\Tyuiu.GaninAS.Sprint1.Task0.V12.Lib.csproj", "{4B0BEC9A-D91E-43D2-8AC7-9F443C4A542B}"
EndProject
Project("{FAE04EC0-301F-11D3-BF4B-00C04F79EFBC}") = "Tyuiu.GaninAS.Sprint1.Task0.V12", "Tyuiu.GaninAS.Sprint1.Task0.V12\Tyuiu.GaninAS.Sprint1.Task0.V12.csproj", "{1CCC7C26-8DAB-4087-86AA-4AB05FF7C4B6}"
EndProject
Project("{FAE04EC0-301F-11D3-BF4B-00C04F79EFBC}") = "Tyuiu.GaninAS.Sprint1.Task0.V12.Test", "Tyuiu.GaninAS.Sprint1.Task0.V12.Test\Tyuiu.GaninAS.Sprint1.Task0.V12.Test.csproj", "{9DEFF1D1-B1F5-4E80-9493-4BB3C7219B04}"
EndProject
Project("{2150E333-8FDC-42A3-9474-1A3956D46DE8}") = "Solution Items", "Solution Items", "{C35231D8-0745-4B28-A501-CB421F2DD6C5}"
	ProjectSection(SolutionItems) = preProject
		.editorconfig = .editorconfig
	EndProjectSection
EndProject
Project("{2150E333-8FDC-42A3-9474-1A3956D46DE8}") = "Task1", "Task1", "{02EA681E-C7D8-13C7-8484-4AC65E1B71E8}"
EndProject
Project("{FAE04EC0-301F-11D3-BF4B-00C04F79EFBC}") = "Tyuiu.GaninAS.Sprint1.Task1.V20.Lib", "Tyuiu.GaninAS.Sprint1.Task1.V20.Lib\Tyuiu.GaninAS.Sprint1.Task1.V20.Lib.csproj", "{0D138815-6B02-49E6-B7BC-630001D4467B}"
EndProject
Project("{FAE04EC0-301F-11D3-BF4B-00C04F79EFBC}") = "Tyuiu.GaninAS.Sprint1.Task1.V20.Test", "Tyuiu.GaninAS.Sprint1.Task1.V20.Test\Tyuiu.GaninAS.Sprint1.Task1.V20.Test.csproj", "{C797AD9C-EA70-4E49-A08A-FF7E9B63C4EE}"
EndProject
Project("{FAE04EC0-301F-11D3-BF4B-00C04F79EFBC}") = "Tyuiu.GaninAS.Sprint1.Task1.V20", "Tyuiu.GaninAS.Sprint1.Task1.V20\Tyuiu.GaninAS.Sprint1.Task1.V20.csproj", "{84820B2A-91C9-43E2-8898-EF4016BB52F1}"
EndProject
Project("{2150E333-8FDC-42A3-9474-1A3956D46DE8}") = "Task2", "Task2", "{6BC126FF-A50C-4A51-A418-0A18DB02D833}"
EndProject
Project("{FAE04EC0-301F-11D3-BF4B-00C04F79EFBC}") = "Tyuiu.GaninAS.Sprint1.Task2.V16", "Tyuiu.GaninAS.Sprint1.Task2.V16\Tyuiu.GaninAS.Sprint1.Task2.V16.csproj", "{9AE2ED1B-8CD2-46A9-AD17-766D31696009}"
EndProject
Project("{FAE04EC0-301F-11D3-BF4B-00C04F79EFBC}") = "Tyuiu.GaninAS.Sprint1.Task2.V16.Lib", "Tyuiu.GaninAS.Sprint1.Task2.V16.Lib\Tyuiu.GaninAS.Sprint1.Task2.V16.Lib.csproj", "{FD23D710-86EB-42C3-9AA0-9EBC5C4C6DCB}"
EndProject
Project("{FAE04EC0-301F-11D3-BF4B-00C04F79EFBC}") = "Tyuiu.GaninAS.Sprint1.Task2.V16.Test", "Tyuiu.GaninAS.Sprint1.Task2.V16.Test\Tyuiu.GaninAS.Sprint1.Task2.V16.Test.csproj", "{60E8EB44-7068-420D-935F-D9707E1E7EA6}"
EndProject
Project("{2150E333-8FDC-42A3-9474-1A3956D46DE8}") = "Task3", "Task3", "{C8F73E94-5F76-4238-AE60-0B4CDEF844A4}"
EndProject
Project("{FAE04EC0-301F-11D3-BF4B-00C04F79EFBC}") = "Tyuiu.GaninAS.Sprint1.Task3.V16", "Tyuiu.GaninAS.Sprint1.Task3.V16\Tyuiu.GaninAS.Sprint1.Task3.V16.csproj", "{F1EDF6BA-8F3D-4E2B-BB6E-A8D80456241B}"
EndProject
Project("{FAE04EC0-301F-11D3-BF4B-00C04F79EFBC}") = "Tyuiu.GaninAS.Sprint1.Task3.V16.Lib", "Tyuiu.GaninAS.Sprint1.Task3.V16.Lib\Tyuiu.GaninAS.Sprint1.Task3.V16.Lib.csproj", "{FA6AD00F-778C-4B86-8ABC-D8DAB579EABF}"
EndProject
Project("{FAE04EC0-301F-11D3-BF4B-00C04F79EFBC}") = "Tyuiu.GaninAS.Sprint1.Task3.V16.Test", "Tyuiu.GaninAS.Sprint1.Task3.V16.Test\Tyuiu.GaninAS.Sprint1.Task3.V16.Test.csproj", "{2E10F342-F131-4641-8A86-05BF854A3DD9}"
EndProject
Project("{2150E333-8FDC-42A3-9474-1A3956D46DE8}") = "Task4", "Task4", "{51052AB0-BF73-4198-8C15-F6F15F4E98EA}"
EndProject
Project("{FAE04EC0-301F-11D3-BF4B-00C04F79EFBC}") = "Tyuiu.GaninAS.Sprint1.Task4.V3.Lib", "Tyuiu.GaninAS.Sprint1.Task4.V3.Lib\Tyuiu.GaninAS.Sprint1.Task4.V3.Lib.csproj", "{F9287DD6-7FDA-4B4A-B1FE-60D344D4CCB0}"
EndProject
Project("{FAE04EC0-301F-11D3-BF4B-00C04F79EFBC}") = "Tyuiu.GaninAS.Sprint1.Task4.V3", "Tyuiu.GaninAS.Sprint1.Task4.V3\Tyuiu.GaninAS.Sprint1.Task4.V3.csproj", "{217658FA-BD48-48B7-988B-DB7C957B9E88}"
EndProject
Project("{FAE04EC0-301F-11D3-BF4B-00C04F79EFBC}") = "Tyuiu.GaninAS.Sprint1.Task4.V3.Test", "Tyuiu.GaninAS.Sprint1.Task4.V3.Test\Tyuiu.GaninAS.Sprint1.Task4.V3.Test.csproj", "{8BBACA51-2F8F-4A54-8297-7C59CF026652}"
EndProject
Project("{2150E333-8FDC-42A3-9474-1A3956D46DE8}") = "Task5", "Task5", "{A03A22C6-B792-424C-A7AD-205E5D03ED89}"
EndProject
Project("{FAE04EC0-301F-11D3-BF4B-00C04F79EFBC}") = "Tyuiu.GaninAS.Sprint1.Task5.V3", "Tyuiu.GaninAS.Sprint1.Task5.V3\Tyuiu.GaninAS.Sprint1.Task5.V3.csproj", "{9DC25698-4D26-4AA7-BC50-DC416874AC96}"
EndProject
Project("{FAE04EC0-301F-11D3-BF4B-00C04F79EFBC}") = "Tyuiu.GaninAS.Sprint1.Task5.V3.Lib", "Tyuiu.GaninAS.Sprint1.Task5.V3.Lib\Tyuiu.GaninAS.Sprint1.Task5.V3.Lib.csproj", "{19B8DED5-D8F9-4CD9-9462-B391FB4E7AAF}"
EndProject
Project("{FAE04EC0-301F-11D3-BF4B-00C04F79EFBC}") = "Tyuiu.GaninAS.Sprint1.Task5.V3.Test", "Tyuiu.GaninAS.Sprint1.Task5.V3.Test\Tyuiu.GaninAS.Sprint1.Task5.V3.Test.csproj", "{E6059DD3-4CB6-48D3-9815-D179E4E2CCE1}"
EndProject
Project("{2150E333-8FDC-42A3-9474-1A3956D46DE8}") = "Task6", "Task6", "{E29850A4-930C-433D-9149-01C814B50B2F}"
EndProject
Project("{FAE04EC0-301F-11D3-BF4B-00C04F79EFBC}") = "Tyuiu.GaninAS.Sprint1.Task6.V7.Lib", "Tyuiu.GaninAS.Sprint1.Task6.V7.Lib\Tyuiu.GaninAS.Sprint1.Task6.V7.Lib.csproj", "{064657EB-6197-4D44-8AFC-E8D7215A4E5C}"
EndProject
Project("{FAE04EC0-301F-11D3-BF4B-00C04F79EFBC}") = "Tyuiu.GaninAS.Sprint1.Task6.V7.Test", "Tyuiu.GaninAS.Sprint1.Task6.V7.Test\Tyuiu.GaninAS.Sprint1.Task6.V7.Test.csproj", "{AD66F76D-495B-45A6-A314-4B494D4DB895}"
EndProject
Project("{FAE04EC0-301F-11D3-BF4B-00C04F79EFBC}") = "Tyuiu.GaninAS.Sprint1.Task6.V7", "Tyuiu.GaninAS.Sprint1.Task6.V7\Tyuiu.GaninAS.Sprint1.Task6.V7.csproj", "{87F34036-2FE0-4BBA-AAF8-87040AD6C591}"
EndProject
Project("{2150E333-8FDC-42A3-9474-1A3956D46DE8}") = "Task7", "Task7", "{BD26ED6B-405E-4DB0-848B-054F9CD70221}"
EndProject
Project("{FAE04EC0-301F-11D3-BF4B-00C04F79EFBC}") = "Tyuiu.GaninAS.Sprint1.Task7.V28", "Tyuiu.GaninAS.Sprint1.Task7.V28\Tyuiu.GaninAS.Sprint1.Task7.V28.csproj", "{3EAFEB35-5FC2-4ADF-A5B4-4A9D62F28BFE}"
EndProject
Project("{FAE04EC0-301F-11D3-BF4B-00C04F79EFBC}") = "Tyuiu.GaninAS.Sprint1.Task7.V28.Test", "Tyuiu.GaninAS.Sprint1.Task7.V28.Test\Tyuiu.GaninAS.Sprint1.Task7.V28.Test.csproj", "{D8707522-90FD-4510-9738-35440396139E}"
EndProject
Project("{FAE04EC0-301F-11D3-BF4B-00C04F79EFBC}") = "Tyuiu.GaninAS.Sprint1.Task7.V28.Lib", "Tyuiu.GaninAS.Sprint1.Task7.V28.Lib\Tyuiu.GaninAS.Sprint1.Task7.V28.Lib.csproj", "{DD183F74-4DD4-4846-9EA6-A19A7DDABE43}"
EndProject
Global
	GlobalSection(SolutionConfigurationPlatforms) = preSolution
		Debug|Any CPU = Debug|Any CPU
		Debug|x64 = Debug|x64
		Debug|x86 = Debug|x86
		Release|Any CPU = Release|Any CPU
		Release|x64 = Release|x64
		Release|x86 = Release|x86
	EndGlobalSection
	GlobalSection(ProjectConfigurationPlatforms) = postSolution
		{4B0BEC9A-D91E-43D2-8AC7-9F443C4A542B}.Debug|Any CPU.ActiveCfg = Debug|Any CPU
		{4B0BEC9A-D91E-43D2-8AC7-9F443C4A542B}.Debug|Any CPU.Build.0 = Debug|Any CPU
		{4B0BEC9A-D91E-43D2-8AC7-9F443C4A542B}.Debug|x64.ActiveCfg = Debug|Any CPU
		{4B0BEC9A-D91E-43D2-8AC7-9F443C4A542B}.Debug|x64.Build.0 = Debug|Any CPU
		{4B0BEC9A-D91E-43D2-8AC7-9F443C4A542B}.Debug|x86.ActiveCfg = Debug|Any CPU
		{4B0BEC9A-D91E-43D2-8AC7-9F443C4A542B}.Debug|x86.Build.0 = Debug|Any CPU
		{4B0BEC9A-D91E-43D2-8AC7-9F443C4A542B}.Release|Any CPU.ActiveCfg = Release|Any CPU
		{4B0BEC9A-D91E-43D2-8AC7-9F443C4A542B}.Release|Any CPU.Build.0 = Release|Any CPU
		{4B0BEC9A-D91E-43D2-8AC7-9F443C4A542B}.Release|x64.ActiveCfg = Release|Any CPU
		{4B0BEC9A-D91E-43D2-8AC7-9F443C4A542B}.Release|x64.Build.0 = Release|Any CPU
		{4B0BEC9A-D91E-43D2-8AC7-9F443C4A542B}.Release|x86.ActiveCfg = Release|Any CPU
		{4B0BEC9A-D91E-43D2-8AC7-9F443C4A542B}.Release|x86.Build.0 = Release|Any CPU
		{1CCC7C26-8DAB-4087-86AA-4AB05FF7C4B6}.Debug|Any CPU.ActiveCfg = Debug|Any CPU
		{1CCC7C26-8DAB-4087-86AA-4AB05FF7C4B6}.Debug|Any CPU.Build.0 = Debug|Any CPU
		{1CCC7C26-8DAB-4087-86AA-4AB05FF7C4B6}.Debug|x64.ActiveCfg = Debug|Any CPU
		{1CCC7C26-8DAB-4087-86AA-4AB05FF7C4B6}.Debug|x64.Build.0 = Debug|Any CPU
		{1CCC7C26-8DAB-4087-86AA-4AB05FF7C4B6}.Debug|x86.ActiveCfg = Debug|Any CPU
		{1CCC7C26-8DAB-4087-86AA-4AB05FF7C4B6}.Debug|x86.Build.0 = Debug|Any CPU
		{1CCC7C26-8DAB-4087-86AA-4AB05FF7C4B6}.Release|Any CPU.ActiveCfg = Release|Any CPU
		{1CCC7C26-8DAB-4087-86AA-4AB05FF7C4B6}.Release|Any CPU.Build.0 = Release|Any CPU
		{1CCC7C26-8DAB-4087-86AA-4AB05FF7C4B6}.Release|x64.ActiveCfg = Release|Any CPU
		{1CCC7C26-8DAB-4087-86AA-4AB05FF7C4B6}.Release|x64.Build.0 = Release|Any CPU
		{1CCC7C26-8DAB-4087-86AA-4AB05FF7C4B6}.Release|x86.ActiveCfg = Release|Any CPU
		{1CCC7C26-8DAB-4087-86AA-4AB05FF7C4B6}.Release|x86.Build.0 = Release|Any CPU
		{9DEFF1D1-B1F5-4E80-9493-4BB3C7219B04}.Debug|Any CPU.ActiveCfg = Debug|Any CPU
		{9DEFF1D1-B1F5-4E80-9493-4BB3C7219B04}.Debug|Any CPU.Build.0 = Debug|Any CPU
		{9DEFF1D1-B1F5-4E80-9493-4BB3C7219B04}.Debug|x64.ActiveCfg = Debug|Any CPU
		{9DEFF1D1-B1F5-4E80-9493-4BB3C7219B04}.Debug|x64.Build.0 = Debug|Any CPU
		{9DEFF1D1-B1F5-4E80-9493-4BB3C7219B04}.Debug|x86.ActiveCfg = Debug|Any CPU
		{9DEFF1D1-B1F5-4E80-9493-4BB3C7219B04}.Debug|x86.Build.0 = Debug|Any CPU
		{9DEFF1D1-B1F5-4E80-9493-4BB3C7219B04}.Release|Any CPU.ActiveCfg = Release|Any CPU
		{9DEFF1D1-B1F5-4E80-9493-4BB3C7219B04}.Release|Any CPU.Build.0 = Release|Any CPU
		{9DEFF1D1-B1F5-4E80-9493-4BB3C7219B04}.Release|x64.ActiveCfg = Release|Any CPU
		{9DEFF1D1-B1F5-4E80-9493-4BB3C7219B04}.Release|x64.Build.0 = Release|Any CPU
		{9DEFF1D1-B1F5-4E80-9493-4BB3C7219B04}.Release|x86.ActiveCfg = Release|Any CPU
		{9DEFF1D1-B1F5-4E80-9493-4BB3C7219B04}.Release|x86.Build.0 = Release|Any CPU
		{0D138815-6B02-49E6-B7BC-630001D4467B}.Debug|Any CPU.ActiveCfg = Debug|Any CPU
		{0D138815-6B02-49E6-B7BC-630001D4467B}.Debug|Any CPU.Build.0 = Debug|Any CPU
		{0D138815-6B02-49E6-B7BC-630001D4467B}.Debug|x64.ActiveCfg = Debug|Any CPU
		{0D138815-6B02-49E6-B7BC-630001D4467B}.Debug|x64.Build.0 = Debug|Any CPU
		{0D138815-6B02-49E6-B7BC-630001D4467B}.Debug|x86.ActiveCfg = Debug|Any CPU
		{0D138815-6B02-49E6-B7BC-630001D4467B}.Debug|x86.Build.0 = Debug|Any CPU
		{0D138815-6B02-49E6-B7BC-630001D4467B}.Release|Any CPU.ActiveCfg = Release|Any CPU
		{0D138815-6B02-49E6-B7BC-630001D4467B}.Release|Any CPU.Build.0 = Release|Any CPU
		{0D138815-6B02-49E6-B7BC-630001D4467B}.Release|x64.ActiveCfg = Release|Any CPU
		{0D138815-6B02-49E6-B7BC-630001D4467B}.Release|x64.Build.0 = Release|Any CPU
		{0D138815-6B02-49E6-B7BC-630001D4467B}.Release|x86.ActiveCfg = Release|Any CPU
		{0D138815-6B02-49E6-B7BC-630001D4467B}.Release|x86.Build.0 = Release|Any CPU
		{C797AD9C-EA70-4E49-A08A-FF7E9B63C4EE}.Debug|Any CPU.ActiveCfg = Debug|Any CPU
		{C797AD9C-EA70-4E49-A08A-FF7E9B63C4EE}.Debug|Any CPU.Build.0 = Debug|Any CPU
		{C797AD9C-EA70-4E49-A08A-FF7E9B63C4EE}.Debug|x64.ActiveCfg = Debug|Any CPU
		{C797AD9C-EA70-4E49-A08A-FF7E9B63C4EE}.Debug|x64.Build.0 = Debug|Any CPU
		{C797AD9C-EA70-4E49-A08A-FF7E9B63C4EE}.Debug|x86.ActiveCfg = Debug|Any CPU
		{C797AD9C-EA70-4E49-A08A-FF7E9B63C4EE}.Debug|x86.Build.0 = Debug|Any CPU
		{C797AD9C-EA70-4E49-A08A-FF7E9B63C4EE}.Release|Any CPU.ActiveCfg = Release|Any CPU
		{C797AD9C-EA70-4E49-A08A-FF7E9B63C4EE}.Release|Any CPU.Build.0 = Release|Any CPU
		{C797AD9C-EA70-4E49-A08A-FF7E9B63C4EE}.Release|x64.ActiveCfg = Release|Any CPU
		{C797AD9C-EA70-4E49-A08A-FF7E9B63C4EE}.Release|x64.Build.0 = Release|Any CPU
		{C797AD9C-EA70-4E49-A08A-FF7E9B63C4EE}.Release|x86.ActiveCfg = Release|Any CPU
		{C797AD9C-EA70-4E49-A08A-FF7E9B63C4EE}.Release|x86.Build.0 = Release|Any CPU
		{84820B2A-91C9-43E2-8898-EF4016BB52F1}.Debug|Any CPU.ActiveCfg = Debug|Any CPU
		{84820B2A-91C9-43E2-8898-EF4016BB52F1}.Debug|Any CPU.Build.0 = Debug|Any CPU
		{84820B2A-91C9-43E2-8898-EF4016BB52F1}.Debug|x64.ActiveCfg = Debug|Any CPU
		{84820B2A-91C9-43E2-8898-EF4016BB52F1}.Debug|x64.Build.0 = Debug|Any CPU
		{84820B2A-91C9-43E2-8898-EF4016BB52F1}.Debug|x86.ActiveCfg = Debug|Any CPU
		{84820B2A-91C9-43E2-8898-EF4016BB52F1}.Debug|x86.Build.0 = Debug|Any CPU
		{84820B2A-91C9-43E2-8898-EF4016BB52F1}.Release|Any CPU.ActiveCfg = Release|Any CPU
		{84820B2A-91C9-43E2-8898-EF4016BB52F1}.Release|Any CPU.Build.0 = Release|Any CPU
		{84820B2A-91C9-43E2-8898-EF4016BB52F1}.Release|x64.ActiveCfg = Release|Any CPU
		{84820B2A-91C9-43E2-8898-EF4016BB52F1}.Release|x64.Build.0 = Release|Any CPU
		{84820B2A-91C9-43E2-8898-EF4016BB52F1}.Release|x86.ActiveCfg = Release|Any CPU
		{84820B2A-91C9-43E2-8898-EF4016BB52F1}.Release|x86.Build.0 = Release|Any CPU
		{9AE2ED1B-8CD2-46A9-AD17-766D31696009}.Debug|Any CPU.ActiveCfg = Debug|Any CPU
		{9AE2ED1B-8CD2-46A9-AD17-766D31696009}.Debug|Any CPU.Build.0 = Debug|Any CPU
		{9AE2ED1B-8CD2-46A9-AD17-766D31696009}.Debug|x64.ActiveCfg = Debug|Any CPU
		{9AE2ED1B-8CD2-46A9-AD17-766D31696009}.Debug|x64.Build.0 = Debug|Any CPU
		{9AE2ED1B-8CD2-46A9-AD17-766D31696009}.Debug|x86.ActiveCfg = Debug|Any CPU
		{9AE2ED1B-8CD2-46A9-AD17-766D31696009}.Debug|x86.Build.0 = Debug|Any CPU
		{9AE2ED1B-8CD2-46A9-AD17-766D31696009}.Release|Any CPU.ActiveCfg = Release|Any CPU
		{9AE2ED1B-8CD2-46A9-AD17-766D31696009}.Release|Any CPU.Build.0 = Release|Any CPU
		{9AE2ED1B-8CD2-46A9-AD17-766D31696009}.Release|x64.ActiveCfg = Release|Any CPU
		{9AE2ED1B-8CD2-46A9-AD17-766D31696009}.Release|x64.Build.0 = Release|Any CPU
		{9AE2ED1B-8CD2-46A9-AD17-766D31696009}.Release|x86.ActiveCfg = Release|Any CPU
		{9AE2ED1B-8CD2-46A9-AD17-766D31696009}.Release|x86.Build.0 = Release|Any CPU
		{FD23D710-86EB-42C3-9AA0-9EBC5C4C6DCB}.Debug|Any CPU.ActiveCfg = Debug|Any CPU
		{FD23D710-86EB-42C3-9AA0-9EBC5C4C6DCB}.Debug|Any CPU.Build.0 = Debug|Any CPU
		{FD23D710-86EB-42C3-9AA0-9EBC5C4C6DCB}.Debug|x64.ActiveCfg = Debug|Any CPU
		{FD23D710-86EB-42C3-9AA0-9EBC5C4C6DCB}.Debug|x64.Build.0 = Debug|Any CPU
		{FD23D710-86EB-42C3-9AA0-9EBC5C4C6DCB}.Debug|x86.ActiveCfg = Debug|Any CPU
		{FD23D710-86EB-42C3-9AA0-9EBC5C4C6DCB}.Debug|x86.Build.0 = Debug|Any CPU
		{FD23D710-86EB-42C3-9AA0-9EBC5C4C6DCB}.Release|Any CPU.ActiveCfg = Release|Any CPU
		{FD23D710-86EB-42C3-9AA0-9EBC5C4C6DCB}.Release|Any CPU.Build.0 = Release|Any CPU
		{FD23D710-86EB-42C3-9AA0-9EBC5C4C6DCB}.Release|x64.ActiveCfg = Release|Any CPU
		{FD23D710-86EB-42C3-9AA0-9EBC5C4C6DCB}.Release|x64.Build.0 = Release|Any CPU
		{FD23D710-86EB-42C3-9AA0-9EBC5C4C6DCB}.Release|x86.ActiveCfg = Release|Any CPU
		{FD23D710-86EB-42C3-9AA0-9EBC5C4C6DCB}.Release|x86.Build.0 = Release|Any CPU
		{60E8EB44-7068-420D-935F-D9707E1E7EA6}.Debug|Any CPU.ActiveCfg = Debug|Any CPU
		{60E8EB44-7068-420D-935F-D9707E1E7EA6}.Debug|Any CPU.Build.0 = Debug|Any CPU
		{60E8EB44-7068-420D-935F-D9707E1E7EA6}.Debug|x64.ActiveCfg = Debug|Any CPU
		{60E8EB44-7068-420D-935F-D9707E1E7EA6}.Debug|x64.Build.0 = Debug|Any CPU
		{60E8EB44-7068-420D-935F-D9707E1E7EA6}.Debug|x86.ActiveCfg = Debug|Any CPU
		{60E8EB44-7068-420D-935F-D9707E1E7EA6}.Debug|x86.Build.0 = Debug|Any CPU
		{60E8EB44-7068-420D-935F-D9707E1E7EA6}.Release|Any CPU.ActiveCfg = Release|Any CPU
		{60E8EB44-7068-420D-935F-D9707E1E7EA6}.Release|Any CPU.Build.0 = Release|Any CPU
		{60E8EB44-7068-420D-935F-D9707E1E7EA6}.Release|x64.ActiveCfg = Release|Any CPU
		{60E8EB44-7068-420D-935F-D9707E1E7EA6}.Release|x64.Build.0 = Release|Any CPU
		{60E8EB44-7068-420D-935F-D9707E1E7EA6}.Release|x86.ActiveCfg = Release|Any CPU
		{60E8EB44-7068-420D-935F-D9707E1E7EA6}.Release|x86.Build.0 = Release|Any CPU
		{F1EDF6BA-8F3D-4E2B-BB6E-A8D80456241B}.Debug|Any CPU.ActiveCfg = Debug|Any CPU
		{F1EDF6BA-8F3D-4E2B-BB6E-A8D80456241B}.Debug|Any CPU.Build.0 = Debug|Any CPU
		{F1EDF6BA-8F3D-4E2B-BB6E-A8D80456241B}.Debug|x64.ActiveCfg = Debug|Any CPU
		{F1EDF6BA-8F3D-4E2B-BB6E-A8D80456241B}.Debug|x64.Build.0 = Debug|Any CPU
		{F1EDF6BA-8F3D-4E2B-BB6E-A8D80456241B}.Debug|x86.ActiveCfg = Debug|Any CPU
		{F1EDF6BA-8F3D-4E2B-BB6E-A8D80456241B}.Debug|x86.Build.0 = Debug|Any CPU
		{F1EDF6BA-8F3D-4E2B-BB6E-A8D80456241B}.Release|Any CPU.ActiveCfg = Release|Any CPU
		{F1EDF6BA-8F3D-4E2B-BB6E-A8D80456241B}.Release|Any CPU.Build.0 = Release|Any CPU
		{F1EDF6BA-8F3D-4E2B-BB6E-A8D80456241B}.Release|x64.ActiveCfg = Release|Any CPU
		{F1EDF6BA-8F3D-4E2B-BB6E-A8D80456241B}.Release|x64.Build.0 = Release|Any CPU
		{F1EDF6BA-8F3D-4E2B-BB6E-A8D80456241B}.Release|x86.ActiveCfg = Release|Any CPU
		{F1EDF6BA-8F3D-4E2B-BB6E-A8D80456241B}.Release|x86.Build.0 = Release|Any CPU
		{FA6AD00F-778C-4B86-8ABC-D8DAB579EABF}.Debug|Any CPU.ActiveCfg = Debug|Any CPU
		{FA6AD00F-778C-4B86-8ABC-D8DAB579EABF}.Debug|Any CPU.Build.0 = Debug|Any CPU
		{FA6AD00F-778C-4B86-8ABC-D8DAB579EABF}.Debug|x64.ActiveCfg = Debug|Any CPU
		{FA6AD00F-778C-4B86-8ABC-D8DAB579EABF}.Debug|x64.Build.0 = Debug|Any CPU
		{FA6AD00F-778C-4B86-8ABC-D8DAB579EABF}.Debug|x86.ActiveCfg = Debug|Any CPU
		{FA6AD00F-778C-4B86-8ABC-D8DAB579EABF}.Debug|x86.Build.0 = Debug|Any CPU
		{FA6AD00F-778C-4B86-8ABC-D8DAB579EABF}.Release|Any CPU.ActiveCfg = Release|Any CPU
		{FA6AD00F-778C-4B86-8ABC-D8DAB579EABF}.Release|Any CPU.Build.0 = Release|Any CPU
		{FA6AD00F-778C-4B86-8ABC-D8DAB579EABF}.Release|x64.ActiveCfg = Release|Any CPU
		{FA6AD00F-778C-4B86-8ABC-D8DAB579EABF}.Release|x64.Build.0 = Release|Any CPU
		{FA6AD00F-778C-4B86-8ABC-D8DAB579EABF}.Release|x86.ActiveCfg = Release|Any CPU
		{FA6AD00F-778C-4B86-8ABC-D8DAB579EABF}.Release|x86.Build.0 = Release|Any CPU
		{2E10F342-F131-4641-8A86-05BF854A3DD9}.Debug|Any CPU.ActiveCfg = Debug|Any CPU
		{2E10F342-F131-4641-8A86-05BF854A3DD9}.Debug|Any CPU.Build.0 = Debug|Any CPU
		{2E10F342-F131-4641-8A86-05BF854A3DD9}.Debug|x64.ActiveCfg = Debug|Any CPU
		{2E10F342-F131-4641-8A86-05BF854A3DD9}.Debug|x64.Build.0 = Debug|Any CPU
		{2E10F342-F131-4641-8A86-05BF854A3DD9}.Debug|x86.ActiveCfg = Debug|Any CPU
		{2E10F342-F131-4641-8A86-05BF854A3DD9}.Debug|x86.Build.0 = Debug|Any CPU
		{2E10F342-F131-4641-8A86-05BF854A3DD9}.Release|Any CPU.ActiveCfg = Release|Any CPU
		{2E10F342-F131-4641-8A86-05BF854A3DD9}.Release|Any CPU.Build.0 = Release|Any CPU
		{2E10F342-F131-4641-8A86-05BF854A3DD9}.Release|x64.ActiveCfg = Release|Any CPU
		{2E10F342-F131-4641-8A86-05BF854A3DD9}.Release|x64.Build.0 = Release|Any CPU
		{2E10F342-F131-4641-8A86-05BF854A3DD9}.Release|x86.ActiveCfg = Release|Any CPU
		{2E10F342-F131-4641-8A86-05BF854A3DD9}.Release|x86.Build.0 = Release|Any CPU
		{F9287DD6-7FDA-4B4A-B1FE-60D344D4CCB0}.Debug|Any CPU.ActiveCfg = Debug|Any CPU
		{F9287DD6-7FDA-4B4A-B1FE-60D344D4CCB0}.Debug|Any CPU.Build.0 = Debug|Any CPU
		{F9287DD6-7FDA-4B4A-B1FE-60D344D4CCB0}.Debug|x64.ActiveCfg = Debug|Any CPU
		{F9287DD6-7FDA-4B4A-B1FE-60D344D4CCB0}.Debug|x64.Build.0 = Debug|Any CPU
		{F9287DD6-7FDA-4B4A-B1FE-60D344D4CCB0}.Debug|x86.ActiveCfg = Debug|Any CPU
		{F9287DD6-7FDA-4B4A-B1FE-60D344D4CCB0}.Debug|x86.Build.0 = Debug|Any CPU
		{F9287DD6-7FDA-4B4A-B1FE-60D344D4CCB0}.Release|Any CPU.ActiveCfg = Release|Any CPU
		{F9287DD6-7FDA-4B4A-B1FE-60D344D4CCB0}.Release|Any CPU.Build.0 = Release|Any CPU
		{F9287DD6-7FDA-4B4A-B1FE-60D344D4CCB0}.Release|x64.ActiveCfg = Release|Any CPU
		{F9287DD6-7FDA-4B4A-B1FE-60D344D4CCB0}.Release|x64.Build.0 = Release|Any CPU
		{F9287DD6-7FDA-4B4A-B1FE-60D344D4CCB0}.Release|x86.ActiveCfg = Release|Any CPU
		{F9287DD6-7FDA-4B4A-B1FE-60D344D4CCB0}.Release|x86.Build.0 = Release|Any CPU
		{217658FA-BD48-48B7-988B-DB7C957B9E88}.Debug|Any CPU.ActiveCfg = Debug|Any CPU
		{217658FA-BD48-48B7-988B-DB7C957B9E88}.Debug|Any CPU.Build.0 = Debug|Any CPU
		{217658FA-BD48-48B7-988B-DB7C957B9E88}.Debug|x64.ActiveCfg = Debug|Any CPU
		{217658FA-BD48-48B7-988B-DB7C957B9E88}.Debug|x64.Build.0 = Debug|Any CPU
		{217658FA-BD48-48B7-988B-DB7C957B9E88}.Debug|x86.ActiveCfg = Debug|Any CPU
		{217658FA-BD48-48B7-988B-DB7C957B9E88}.Debug|x86.Build.0 = Debug|Any CPU
		{217658FA-BD48-48B7-988B-DB7C957B9E88}.Release|Any CPU.ActiveCfg = Release|Any CPU
		{217658FA-BD48-48B7-988B-DB7C957B9E88}.Release|Any CPU.Build.0 = Release|Any CPU
		{217658FA-BD48-48B7-988B-DB7C957B9E88}.Release|x64.ActiveCfg = Release|Any CPU
		{217658FA-BD48-48B7-988B-DB7C957B9E88}.Release|x64.Build.0 = Release|Any CPU
		{217658FA-BD48-48B7-988B-DB7C957B9E88}.Release|x86.ActiveCfg = Release|Any CPU
		{217658FA-BD48-48B7-988B-DB7C957B9E88}.Release|x86.Build.0 = Release|Any CPU
		{8BBACA51-2F8F-4A54-8297-7C59CF026652}.Debug|Any CPU.ActiveCfg = Debug|Any CPU
		{8BBACA51-2F8F-4A54-8297-7C59CF026652}.Debug|Any CPU.Build.0 = Debug|Any CPU
		{8BBACA51-2F8F-4A54-8297-7C59CF026652}.Debug|x64.ActiveCfg = Debug|Any CPU
		{8BBACA51-2F8F-4A54-8297-7C59CF026652}.Debug|x64.Build.0 = Debug|Any CPU
		{8BBACA51-2F8F-4A54-8297-7C59CF026652}.Debug|x86.ActiveCfg = Debug|Any CPU
		{8BBACA51-2F8F-4A54-8297-7C59CF026652}.Debug|x86.Build.0 = Debug|Any CPU
		{8BBACA51-2F8F-4A54-8297-7C59CF026652}.Release|Any CPU.ActiveCfg = Release|Any CPU
		{8BBACA51-2F8F-4A54-8297-7C59CF026652}.Release|Any CPU.Build.0 = Release|Any CPU
		{8BBACA51-2F8F-4A54-8297-7C59CF026652}.Release|x64.ActiveCfg = Release|Any CPU
		{8BBACA51-2F8F-4A54-8297-7C59CF026652}.Release|x64.Build.0 = Release|Any CPU
		{8BBACA51-2F8F-4A54-8297-7C59CF026652}.Release|x86.ActiveCfg = Release|Any CPU
		{8BBACA51-2F8F-4A54-8297-7C59CF026652}.Release|x86.Build.0 = Release|Any CPU
		{9DC25698-4D26-4AA7-BC50-DC416874AC96}.Debug|Any CPU.ActiveCfg = Debug|Any CPU
		{9DC25698-4D26-4AA7-BC50-DC416874AC96}.Debug|Any CPU.Build.0 = Debug|Any CPU
		{9DC25698-4D26-4AA7-BC50-DC416874AC96}.Debug|x64.ActiveCfg = Debug|Any CPU
		{9DC25698-4D26-4AA7-BC50-DC416874AC96}.Debug|x64.Build.0 = Debug|Any CPU
		{9DC25698-4D26-4AA7-BC50-DC416874AC96}.Debug|x86.ActiveCfg = Debug|Any CPU
		{9DC25698-4D26-4AA7-BC50-DC416874AC96}.Debug|x86.Build.0 = Debug|Any CPU
		{9DC25698-4D26-4AA7-BC50-DC416874AC96}.Release|Any CPU.ActiveCfg = Release|Any CPU
		{9DC25698-4D26-4AA7-BC50-DC416874AC96}.Release|Any CPU.Build.0 = Release|Any CPU
		{9DC25698-4D26-4AA7-BC50-DC416874AC96}.Release|x64.ActiveCfg = Release|Any CPU
		{9DC25698-4D26-4AA7-BC50-DC416874AC96}.Release|x64.Build.0 = Release|Any CPU
		{9DC25698-4D26-4AA7-BC50-DC416874AC96}.Release|x86.ActiveCfg = Release|Any CPU
		{9DC25698-4D26-4AA7-BC50-DC416874AC96}.Release|x86.Build.0 = Release|Any CPU
		{19B8DED5-D8F9-4CD9-9462-B391FB4E7AAF}.Debug|Any CPU.ActiveCfg = Debug|Any CPU
		{19B8DED5-D8F9-4CD9-9462-B391FB4E7AAF}.Debug|Any CPU.Build.0 = Debug|Any CPU
		{19B8DED5-D8F9-4CD9-9462-B391FB4E7AAF}.Debug|x64.ActiveCfg = Debug|Any CPU
		{19B8DED5-D8F9-4CD9-9462-B391FB4E7AAF}.Debug|x64.Build.0 = Debug|Any CPU
		{19B8DED5-D8F9-4CD9-9462-B391FB4E7AAF}.Debug|x86.ActiveCfg = Debug|Any CPU
		{19B8DED5-D8F9-4CD9-9462-B391FB4E7AAF}.Debug|x86.Build.0 = Debug|Any CPU
		{19B8DED5-D8F9-4CD9-9462-B391FB4E7AAF}.Release|Any CPU.ActiveCfg = Release|Any CPU
		{19B8DED5-D8F9-4CD9-9462-B391FB4E7AAF}.Release|Any CPU.Build.0 = Release|Any CPU
		{19B8DED5-D8F9-4CD9-9462-B391FB4E7AAF}.Release|x64.ActiveCfg = Release|Any CPU
		{19B8DED5-D8F9-4CD9-9462-B391FB4E7AAF}.Release|x64.Build.0 = Release|Any CPU
		{19B8DED5-D8F9-4CD9-9462-B391FB4E7AAF}.Release|x86.ActiveCfg = Release|Any CPU
		{19B8DED5-D8F9-4CD9-9462-B391FB4E7AAF}.Release|x86.Build.0 = Release|Any CPU
		{E6059DD3-4CB6-48D3-9815-D179E4E2CCE1}.Debug|Any CPU.ActiveCfg = Debug|Any CPU
		{E6059DD3-4CB6-48D3-9815-D179E4E2CCE1}.Debug|Any CPU.Build.0 = Debug|Any CPU
		{E6059DD3-4CB6-48D3-9815-D179E4E2CCE1}.Debug|x64.ActiveCfg = Debug|Any CPU
		{E6059DD3-4CB6-48D3-9815-D179E4E2CCE1}.Debug|x64.Build.0 = Debug|Any CPU
		{E6059DD3-4CB6-48D3-9815-D179E4E2CCE1}.Debug|x86.ActiveCfg = Debug|Any CPU
		{E6059DD3-4CB6-48D3-9815-D179E4E2CCE1}.Debug|x86.Build.0 = Debug|Any CPU
		{E6059DD3-4CB6-48D3-9815-D179E4E2CCE1}.Release|Any CPU.ActiveCfg = Release|Any CPU
		{E6059DD3-4CB6-48D3-9815-D179E4E2CCE1}.Release|Any CPU.Build.0 = Release|Any CPU
		{E6059DD3-4CB6-48D3-9815-D179E4E2CCE1}.Release|x64.ActiveCfg = Release|Any CPU
		{E6059DD3-4CB6-48D3-9815-D179E4E2CCE1}.Release|x64.Build.0 = Release|Any CPU
		{E6059DD3-4CB6-48D3-9815-D179E4E2CCE1}.Release|x86.ActiveCfg = Release|Any CPU
		{E6059DD3-4CB6-48D3-9815-D179E4E2CCE1}.Release|x86.Build.0 = Release|Any CPU
		{064657EB-6197-4D44-8AFC-E8D7215A4E5C}.Debug|Any CPU.ActiveCfg = Debug|Any CPU
		{064657EB-6197-4D44-8AFC-E8D7215A4E5C}.Debug|Any CPU.Build.0 = Debug|Any CPU
		{064657EB-6197-4D44-8AFC-E8D7215A4E5C}.Debug|x64.ActiveCfg = Debug|Any CPU
		{064657EB-6197-4D44-8AFC-E8D7215A4E5C}.Debug|x64.Build.0 = Debug|Any CPU
		{064657EB-6197-4D44-8AFC-E8D7215A4E5C}.Debug|x86.ActiveCfg = Debug|Any CPU
		{064657EB-6197-4D44-8AFC-E8D7215A4E5C}.Debug|x86.Build.0 = Debug|Any CPU
		{064657EB-6197-4D44-8AFC-E8D7215A4E5C}.Release|Any CPU.ActiveCfg = Release|Any CPU
		{064657EB-6197-4D44-8AFC-E8D7215A4E5C}.Release|Any CPU.Build.0 = Release|Any CPU
		{064657EB-6197-4D44-8AFC-E8D7215A4E5C}.Release|x64.ActiveCfg = Release|Any CPU
		{064657EB-6197-4D44-8AFC-E8D7215A4E5C}.Release|x64.Build.0 = Release|Any CPU
		{064657EB-6197-4D44-8AFC-E8D7215A4E5C}.Release|x86.ActiveCfg = Release|Any CPU
		{064657EB-6197-4D44-8AFC-E8D7215A4E5C}.Release|x86.Build.0 = Release|Any CPU
		{AD66F76D-495B-45A6-A314-4B494D4DB895}.Debug|Any CPU.ActiveCfg = Debug|Any CPU
		{AD66F76D-495B-45A6-A314-4B494D4DB895}.Debug|Any CPU.Build.0 = Debug|Any CPU
		{AD66F76D-495B-45A6-A314-4B494D4DB895}.Debug|x64.ActiveCfg = Debug|Any CPU
		{AD66F76D-495B-45A6-A314-4B494D4DB895}.Debug|x64.Build.0 = Debug|Any CPU
		{AD66F76D-495B-45A6-A314-4B494D4DB895}.Debug|x86.ActiveCfg = Debug|Any CPU
		{AD66F76D-495B-45A6-A314-4B494D4DB895}.Debug|x86.Build.0 = Debug|Any CPU
		{AD66F76D-495B-45A6-A314-4B494D4DB895}.Release|Any CPU.ActiveCfg = Release|Any CPU
		{AD66F76D-495B-45A6-A314-4B494D4DB895}.Release|Any CPU.Build.0 = Release|Any CPU
		{AD66F76D-495B-45A6-A314-4B494D4DB895}.Release|x64.ActiveCfg = Release|Any CPU
		{AD66F76D-495B-45A6-A314-4B494D4DB895}.Release|x64.Build.0 = Release|Any CPU
		{AD66F76D-495B-45A6-A314-4B494D4DB895}.Release|x86.ActiveCfg = Release|Any CPU
		{AD66F76D-495B-45A6-A314-4B494D4DB895}.Release|x86.Build.0 = Release|Any CPU
		{87F34036-2FE0-4BBA-AAF8-87040AD6C591}.Debug|Any CPU.ActiveCfg = Debug|Any CPU
		{87F34036-2FE0-4BBA-AAF8-87040AD6C591}.Debug|Any CPU.Build.0 = Debug|Any CPU
		{87F34036-2FE0-4BBA-AAF8-87040AD6C591}.Debug|x64.ActiveCfg = Debug|Any CPU
		{87F34036-2FE0-4BBA-AAF8-87040AD6C591}.Debug|x64.Build.0 = Debug|Any CPU
		{87F34036-2FE0-4BBA-AAF8-87040AD6C591}.Debug|x86.ActiveCfg = Debug|Any CPU
		{87F34036-2FE0-4BBA-AAF8-87040AD6C591}.Debug|x86.Build.0 = Debug|Any CPU
		{87F34036-2FE0-4BBA-AAF8-87040AD6C591}.Release|Any CPU.ActiveCfg = Release|Any CPU
		{87F34036-2FE0-4BBA-AAF8-87040AD6C591}.Release|Any CPU.Build.0 = Release|Any CPU
		{87F34036-2FE0-4BBA-AAF8-87040AD6C591}.Release|x64.ActiveCfg = Release|Any CPU
		{87F34036-2FE0-4BBA-AAF8-87040AD6C591}.Release|x64.Build.0 = Release|Any CPU
		{87F34036-2FE0-4BBA-AAF8-87040AD6C591}.Release|x86.ActiveCfg = Release|Any CPU
		{87F34036-2FE0-4BBA-AAF8-87040AD6C591}.Release|x86.Build.0 = Release|Any CPU
		{3EAFEB35-5FC2-4ADF-A5B4-4A9D62F28BFE}.Debug|Any CPU.ActiveCfg = Debug|Any CPU
		{3EAFEB35-5FC2-4ADF-A5B4-4A9D62F28BFE}.Debug|Any CPU.Build.0 = Debug|Any CPU
		{3EAFEB35-5FC2-4ADF-A5B4-4A9D62F28BFE}.Debug|x64.ActiveCfg = Debug|Any CPU
		{3EAFEB35-5FC2-4ADF-A5B4-4A9D62F28BFE}.Debug|x64.Build.0 = Debug|Any CPU
		{3EAFEB35-5FC2-4ADF-A5B4-4A9D62F28BFE}.Debug|x86.ActiveCfg = Debug|Any CPU
		{3EAFEB35-5FC2-4ADF-A5B4-4A9D62F28BFE}.Debug|x86.Build.0 = Debug|Any CPU
		{3EAFEB35-5FC2-4ADF-A5B4-4A9D62F28BFE}.Release|Any CPU.ActiveCfg = Release|Any CPU
		{3EAFEB35-5FC2-4ADF-A5B4-4A9D62F28BFE}.Release|Any CPU.Build.0 = Release|Any CPU
		{3EAFEB35-5FC2-4ADF-A5B4-4A9D62F28BFE}.Release|x64.ActiveCfg = Release|Any CPU
		{3EAFEB35-5FC2-4ADF-A5B4-4A9D62F28BFE}.Release|x64.Build.0 = Release|Any CPU
		{3EAFEB35-5FC2-4ADF-A5B4-4A9D62F28BFE}.Release|x86.ActiveCfg = Release|Any CPU
		{3EAFEB35-5FC2-4ADF-A5B4-4A9D62F28BFE}.Release|x86.Build.0 = Release|Any CPU
		{D8707522-90FD-4510-9738-35440396139E}.Debug|Any CPU.ActiveCfg = Debug|Any CPU
		{D8707522-90FD-4510-9738-35440396139E}.Debug|Any CPU.Build.0 = Debug|Any CPU
		{D8707522-90FD-4510-9738-35440396139E}.Debug|x64.ActiveCfg = Debug|Any CPU
		{D8707522-90FD-4510-9738-35440396139E}.Debug|x64.Build.0 = Debug|Any CPU
		{D8707522-90FD-4510-9738-35440396139E}.Debug|x86.ActiveCfg = Debug|Any CPU
		{D8707522-90FD-4510-9738-35440396139E}.Debug|x86.Build.0 = Debug|Any CPU
		{D8707522-90FD-4510-9738-35440396139E}.Release|Any CPU.ActiveCfg = Release|Any CPU
		{D8707522-90FD-4510-9738-35440396139E}.Release|Any CPU.Build.0 = Release|Any CPU
		{D8707522-90FD-4510-9738-35440396139E}.Release|x64.ActiveCfg = Release|Any CPU
		{D8707522-90FD-4510-9738-35440396139E}.Release|x64.Build.0 = Release|Any CPU
		{D8707522-90FD-4510-9738-35440396139E}.Release|x86.ActiveCfg = Release|Any CPU
		{D8707522-90FD-4510-9738-35440396139E}.Release|x86.Build.0 = Release|Any CPU
		{DD183F74-4DD4-4846-9EA6-A19A7DDABE43}.Debug|Any CPU.ActiveCfg = Debug|Any CPU
		{DD183F74-4DD4-4846-9EA6-A19A7DDABE43}.Debug|Any CPU.Build.0 = Debug|Any CPU
		{DD183F74-4DD4-4846-9EA6-A19A7DDABE43}.Debug|x64.ActiveCfg = Debug|Any CPU
		{DD183F74-4DD4-4846-9EA6-A19A7DDABE43}.Debug|x64.Build.0 = Debug|Any CPU
		{DD183F74-4DD4-4846-9EA6-A19A7DDABE43}.Debug|x86.ActiveCfg = Debug|Any CPU
		{DD183F74-4DD4-4846-9EA6-A19A7DDABE43}.Debug|x86.Build.0 = Debug|Any CPU
		{DD183F74-4DD4-4846-9EA6-A19A7DDABE43}.Release|Any CPU.ActiveCfg = Release|Any CPU
		{DD183F74-4DD4-4846-9EA6-A19A7DDABE43}.Release|Any CPU.Build.0 = Release|Any CPU
		{DD183F74-4DD4-4846-9EA6-A19A7DDABE43}.Release|x64.ActiveCfg = Release|Any CPU
		{DD183F74-4DD4-4846-9EA6-A19A7DDABE43}.Release|x64.Build.0 = Release|Any CPU
		{DD183F74-4DD4-4846-9EA6-A19A7DDABE43}.Release|x86.ActiveCfg = Release|Any CPU
		{DD183F74-4DD4-4846-9EA6-A19A7DDABE43}.Release|x86.Build.0 = Release|Any CPU
	EndGlobalSection
	GlobalSection(SolutionProperties) = preSolution
		HideSolutionNode = FALSE
	EndGlobalSection
	GlobalSection(NestedProjects) = preSolution
		{4B0BEC9A-D91E-43D2-8AC7-9F443C4A542B} = {36D591C7-65C7-A0D1-1CBC-10CDE441BDC8}
		{1CCC7C26-8DAB-4087-86AA-4AB05FF7C4B6} = {36D591C7-65C7-A0D1-1CBC-10CDE441BDC8}
		{9DEFF1D1-B1F5-4E80-9493-4BB3C7219B04} = {36D591C7-65C7-A0D1-1CBC-10CDE441BDC8}
		{0D138815-6B02-49E6-B7BC-630001D4467B} = {02EA681E-C7D8-13C7-8484-4AC65E1B71E8}
		{C797AD9C-EA70-4E49-A08A-FF7E9B63C4EE} = {02EA681E-C7D8-13C7-8484-4AC65E1B71E8}
		{84820B2A-91C9-43E2-8898-EF4016BB52F1} = {02EA681E-C7D8-13C7-8484-4AC65E1B71E8}
		{9AE2ED1B-8CD2-46A9-AD17-766D31696009} = {6BC126FF-A50C-4A51-A418-0A18DB02D833}
		{FD23D710-86EB-42C3-9AA0-9EBC5C4C6DCB} = {6BC126FF-A50C-4A51-A418-0A18DB02D833}
		{60E8EB44-7068-420D-935F-D9707E1E7EA6} = {6BC126FF-A50C-4A51-A418-0A18DB02D833}
		{F1EDF6BA-8F3D-4E2B-BB6E-A8D80456241B} = {C8F73E94-5F76-4238-AE60-0B4CDEF844A4}
		{FA6AD00F-778C-4B86-8ABC-D8DAB579EABF} = {C8F73E94-5F76-4238-AE60-0B4CDEF844A4}
		{2E10F342-F131-4641-8A86-05BF854A3DD9} = {C8F73E94-5F76-4238-AE60-0B4CDEF844A4}
		{F9287DD6-7FDA-4B4A-B1FE-60D344D4CCB0} = {51052AB0-BF73-4198-8C15-F6F15F4E98EA}
		{217658FA-BD48-48B7-988B-DB7C957B9E88} = {51052AB0-BF73-4198-8C15-F6F15F4E98EA}
		{8BBACA51-2F8F-4A54-8297-7C59CF026652} = {51052AB0-BF73-4198-8C15-F6F15F4E98EA}
		{9DC25698-4D26-4AA7-BC50-DC416874AC96} = {A03A22C6-B792-424C-A7AD-205E5D03ED89}
		{19B8DED5-D8F9-4CD9-9462-B391FB4E7AAF} = {A03A22C6-B792-424C-A7AD-205E5D03ED89}
		{E6059DD3-4CB6-48D3-9815-D179E4E2CCE1} = {A03A22C6-B792-424C-A7AD-205E5D03ED89}
		{064657EB-6197-4D44-8AFC-E8D7215A4E5C} = {E29850A4-930C-433D-9149-01C814B50B2F}
		{AD66F76D-495B-45A6-A314-4B494D4DB895} = {E29850A4-930C-433D-9149-01C814B50B2F}
		{87F34036-2FE0-4BBA-AAF8-87040AD6C591} = {E29850A4-930C-433D-9149-01C814B50B2F}
		{3EAFEB35-5FC2-4ADF-A5B4-4A9D62F28BFE} = {BD26ED6B-405E-4DB0-848B-054F9CD70221}
		{D8707522-90FD-4510-9738-35440396139E} = {BD26ED6B-405E-4DB0-848B-054F9CD70221}
		{DD183F74-4DD4-4846-9EA6-A19A7DDABE43} = {BD26ED6B-405E-4DB0-848B-054F9CD70221}
	EndGlobalSection
	GlobalSection(ExtensibilityGlobals) = postSolution
		SolutionGuid = {9C379ED5-9439-4E96-B9F2-F7A9A056CEFC}
	EndGlobalSection
EndGlobal
